
Microsoft Visual Studio Solution File, Format Version 12.00
# Visual Studio 15
VisualStudioVersion = 15.0.27703.2035
MinimumVisualStudioVersion = 10.0.40219.1
Project("{FAE04EC0-301F-11D3-BF4B-00C04F79EFBC}") = "TicTacToe", "TicTacToe\TicTacToe.csproj", "{0823693E-A83F-4BB3-AEAB-4CCEAF47B5F6}"
EndProject
Global
	GlobalSection(SolutionConfigurationPlatforms) = preSolution
		Debug|Any CPU = Debug|Any CPU
		Release|Any CPU = Release|Any CPU
	EndGlobalSection
	GlobalSection(ProjectConfigurationPlatforms) = postSolution
		{0823693E-A83F-4BB3-AEAB-4CCEAF47B5F6}.Debug|Any CPU.ActiveCfg = Debug|Any CPU
		{0823693E-A83F-4BB3-AEAB-4CCEAF47B5F6}.Debug|Any CPU.Build.0 = Debug|Any CPU
		{0823693E-A83F-4BB3-AEAB-4CCEAF47B5F6}.Release|Any CPU.ActiveCfg = Release|Any CPU
		{0823693E-A83F-4BB3-AEAB-4CCEAF47B5F6}.Release|Any CPU.Build.0 = Release|Any CPU
	EndGlobalSection
	GlobalSection(SolutionProperties) = preSolution
		HideSolutionNode = FALSE
	EndGlobalSection
	GlobalSection(ExtensibilityGlobals) = postSolution
		SolutionGuid = {0A5810BD-59A7-4F9A-B53F-3DF2B3034236}
	EndGlobalSection
EndGlobal
